
Microsoft Visual Studio Solution File, Format Version 12.00
# Visual Studio Version 17
VisualStudioVersion = 17.13.35919.96 d17.13
MinimumVisualStudioVersion = 10.0.40219.1
Project("{FAE04EC0-301F-11D3-BF4B-00C04F79EFBC}") = "API", "API\API.csproj", "{50D4C818-0890-4D5F-AD55-7A3FEF5B7878}"
EndProject
Project("{FAE04EC0-301F-11D3-BF4B-00C04F79EFBC}") = "Data", "Data\Data.csproj", "{BF5BB75F-784F-42F0-8A8D-75BD1F0ADB2F}"
EndProject
Project("{FAE04EC0-301F-11D3-BF4B-00C04F79EFBC}") = "Domain", "Domain\Domain.csproj", "{FFB6BD8F-53C4-49CB-A7F0-2C4275EC0C37}"
EndProject
Global
	GlobalSection(SolutionConfigurationPlatforms) = preSolution
		Debug|Any CPU = Debug|Any CPU
		Release|Any CPU = Release|Any CPU
	EndGlobalSection
	GlobalSection(ProjectConfigurationPlatforms) = postSolution
		{50D4C818-0890-4D5F-AD55-7A3FEF5B7878}.Debug|Any CPU.ActiveCfg = Debug|Any CPU
		{50D4C818-0890-4D5F-AD55-7A3FEF5B7878}.Debug|Any CPU.Build.0 = Debug|Any CPU
		{50D4C818-0890-4D5F-AD55-7A3FEF5B7878}.Release|Any CPU.ActiveCfg = Release|Any CPU
		{50D4C818-0890-4D5F-AD55-7A3FEF5B7878}.Release|Any CPU.Build.0 = Release|Any CPU
		{BF5BB75F-784F-42F0-8A8D-75BD1F0ADB2F}.Debug|Any CPU.ActiveCfg = Debug|Any CPU
		{BF5BB75F-784F-42F0-8A8D-75BD1F0ADB2F}.Debug|Any CPU.Build.0 = Debug|Any CPU
		{BF5BB75F-784F-42F0-8A8D-75BD1F0ADB2F}.Release|Any CPU.ActiveCfg = Release|Any CPU
		{BF5BB75F-784F-42F0-8A8D-75BD1F0ADB2F}.Release|Any CPU.Build.0 = Release|Any CPU
		{FFB6BD8F-53C4-49CB-A7F0-2C4275EC0C37}.Debug|Any CPU.ActiveCfg = Debug|Any CPU
		{FFB6BD8F-53C4-49CB-A7F0-2C4275EC0C37}.Debug|Any CPU.Build.0 = Debug|Any CPU
		{FFB6BD8F-53C4-49CB-A7F0-2C4275EC0C37}.Release|Any CPU.ActiveCfg = Release|Any CPU
		{FFB6BD8F-53C4-49CB-A7F0-2C4275EC0C37}.Release|Any CPU.Build.0 = Release|Any CPU
	EndGlobalSection
	GlobalSection(SolutionProperties) = preSolution
		HideSolutionNode = FALSE
	EndGlobalSection
	GlobalSection(ExtensibilityGlobals) = postSolution
		SolutionGuid = {5F315F29-3E09-4A58-9CB3-943D36C8E9D1}
	EndGlobalSection
EndGlobal
